
Microsoft Visual Studio Solution File, Format Version 12.00
# Visual Studio 2012
Project("{F184B08F-C81C-45F6-A57F-5ABD9991F28F}") = "lec6", "lec6\lec6.vbproj", "{D0D53961-82FD-47DF-B053-0AEF9907DF99}"
EndProject
Global
	GlobalSection(SolutionConfigurationPlatforms) = preSolution
		Debug|Any CPU = Debug|Any CPU
		Release|Any CPU = Release|Any CPU
	EndGlobalSection
	GlobalSection(ProjectConfigurationPlatforms) = postSolution
		{D0D53961-82FD-47DF-B053-0AEF9907DF99}.Debug|Any CPU.ActiveCfg = Debug|Any CPU
		{D0D53961-82FD-47DF-B053-0AEF9907DF99}.Debug|Any CPU.Build.0 = Debug|Any CPU
		{D0D53961-82FD-47DF-B053-0AEF9907DF99}.Release|Any CPU.ActiveCfg = Release|Any CPU
		{D0D53961-82FD-47DF-B053-0AEF9907DF99}.Release|Any CPU.Build.0 = Release|Any CPU
	EndGlobalSection
	GlobalSection(SolutionProperties) = preSolution
		HideSolutionNode = FALSE
	EndGlobalSection
EndGlobal
