
Microsoft Visual Studio Solution File, Format Version 12.00
# Visual Studio 2012
Project("{F184B08F-C81C-45F6-A57F-5ABD9991F28F}") = "Store1", "Store1\Store1.vbproj", "{AC12A23E-8BA1-4F1A-BB39-6D6AA3FFEF12}"
EndProject
Global
	GlobalSection(SolutionConfigurationPlatforms) = preSolution
		Debug|Any CPU = Debug|Any CPU
		Release|Any CPU = Release|Any CPU
	EndGlobalSection
	GlobalSection(ProjectConfigurationPlatforms) = postSolution
		{AC12A23E-8BA1-4F1A-BB39-6D6AA3FFEF12}.Debug|Any CPU.ActiveCfg = Debug|Any CPU
		{AC12A23E-8BA1-4F1A-BB39-6D6AA3FFEF12}.Debug|Any CPU.Build.0 = Debug|Any CPU
		{AC12A23E-8BA1-4F1A-BB39-6D6AA3FFEF12}.Release|Any CPU.ActiveCfg = Release|Any CPU
		{AC12A23E-8BA1-4F1A-BB39-6D6AA3FFEF12}.Release|Any CPU.Build.0 = Release|Any CPU
	EndGlobalSection
	GlobalSection(SolutionProperties) = preSolution
		HideSolutionNode = FALSE
	EndGlobalSection
EndGlobal
