
Microsoft Visual Studio Solution File, Format Version 12.00
# Visual Studio 2012
Project("{F184B08F-C81C-45F6-A57F-5ABD9991F28F}") = "lec15", "lec15\lec15.vbproj", "{397B5FB0-3C57-45BF-9657-EFD7F1C6B104}"
EndProject
Global
	GlobalSection(SolutionConfigurationPlatforms) = preSolution
		Debug|Any CPU = Debug|Any CPU
		Release|Any CPU = Release|Any CPU
	EndGlobalSection
	GlobalSection(ProjectConfigurationPlatforms) = postSolution
		{397B5FB0-3C57-45BF-9657-EFD7F1C6B104}.Debug|Any CPU.ActiveCfg = Debug|Any CPU
		{397B5FB0-3C57-45BF-9657-EFD7F1C6B104}.Debug|Any CPU.Build.0 = Debug|Any CPU
		{397B5FB0-3C57-45BF-9657-EFD7F1C6B104}.Release|Any CPU.ActiveCfg = Release|Any CPU
		{397B5FB0-3C57-45BF-9657-EFD7F1C6B104}.Release|Any CPU.Build.0 = Release|Any CPU
	EndGlobalSection
	GlobalSection(SolutionProperties) = preSolution
		HideSolutionNode = FALSE
	EndGlobalSection
EndGlobal
